
Microsoft Visual Studio Solution File, Format Version 12.00
# Visual Studio Version 16
VisualStudioVersion = 16.0.30011.22
MinimumVisualStudioVersion = 10.0.40219.1
Project("{9A19103F-16F7-4668-BE54-9A1E7A4F7556}") = "C4Model", "C4Model\C4Model.csproj", "{4AC4CC8D-7C94-419F-A5EA-DD00200A2C98}"
EndProject
Global
	GlobalSection(SolutionConfigurationPlatforms) = preSolution
		Debug|Any CPU = Debug|Any CPU
		Release|Any CPU = Release|Any CPU
	EndGlobalSection
	GlobalSection(ProjectConfigurationPlatforms) = postSolution
		{4AC4CC8D-7C94-419F-A5EA-DD00200A2C98}.Debug|Any CPU.ActiveCfg = Debug|Any CPU
		{4AC4CC8D-7C94-419F-A5EA-DD00200A2C98}.Debug|Any CPU.Build.0 = Debug|Any CPU
		{4AC4CC8D-7C94-419F-A5EA-DD00200A2C98}.Release|Any CPU.ActiveCfg = Release|Any CPU
		{4AC4CC8D-7C94-419F-A5EA-DD00200A2C98}.Release|Any CPU.Build.0 = Release|Any CPU
	EndGlobalSection
	GlobalSection(SolutionProperties) = preSolution
		HideSolutionNode = FALSE
	EndGlobalSection
	GlobalSection(ExtensibilityGlobals) = postSolution
		SolutionGuid = {40878CA3-6A89-4BA4-A318-3D16C673048A}
	EndGlobalSection
EndGlobal
